
Microsoft Visual Studio Solution File, Format Version 12.00
# Visual Studio Version 17
VisualStudioVersion = 17.7.34202.233
MinimumVisualStudioVersion = 10.0.40219.1
Project("{FAE04EC0-301F-11D3-BF4B-00C04F79EFBC}") = "ReactAspCrud1", "ReactAspCrud1\ReactAspCrud1.csproj", "{8C550DDE-06FF-46C0-9689-1D2A344DC725}"
EndProject
Global
	GlobalSection(SolutionConfigurationPlatforms) = preSolution
		Debug|Any CPU = Debug|Any CPU
		Release|Any CPU = Release|Any CPU
	EndGlobalSection
	GlobalSection(ProjectConfigurationPlatforms) = postSolution
		{8C550DDE-06FF-46C0-9689-1D2A344DC725}.Debug|Any CPU.ActiveCfg = Debug|Any CPU
		{8C550DDE-06FF-46C0-9689-1D2A344DC725}.Debug|Any CPU.Build.0 = Debug|Any CPU
		{8C550DDE-06FF-46C0-9689-1D2A344DC725}.Release|Any CPU.ActiveCfg = Release|Any CPU
		{8C550DDE-06FF-46C0-9689-1D2A344DC725}.Release|Any CPU.Build.0 = Release|Any CPU
	EndGlobalSection
	GlobalSection(SolutionProperties) = preSolution
		HideSolutionNode = FALSE
	EndGlobalSection
	GlobalSection(ExtensibilityGlobals) = postSolution
		SolutionGuid = {57A06ABA-25A8-4032-94F3-D544903EAAE5}
	EndGlobalSection
EndGlobal
